
Microsoft Visual Studio Solution File, Format Version 12.00
# Visual Studio 15
VisualStudioVersion = 15.0.28307.136
MinimumVisualStudioVersion = 10.0.40219.1
Project("{FAE04EC0-301F-11D3-BF4B-00C04F79EFBC}") = "DesktopApp1", "DesktopApp1\DesktopApp1.csproj", "{FD9329A5-1116-42FD-BAD4-A96830954474}"
EndProject
Global
	GlobalSection(SolutionConfigurationPlatforms) = preSolution
		Debug|Any CPU = Debug|Any CPU
		Release|Any CPU = Release|Any CPU
	EndGlobalSection
	GlobalSection(ProjectConfigurationPlatforms) = postSolution
		{FD9329A5-1116-42FD-BAD4-A96830954474}.Debug|Any CPU.ActiveCfg = Debug|Any CPU
		{FD9329A5-1116-42FD-BAD4-A96830954474}.Debug|Any CPU.Build.0 = Debug|Any CPU
		{FD9329A5-1116-42FD-BAD4-A96830954474}.Release|Any CPU.ActiveCfg = Release|Any CPU
		{FD9329A5-1116-42FD-BAD4-A96830954474}.Release|Any CPU.Build.0 = Release|Any CPU
	EndGlobalSection
	GlobalSection(SolutionProperties) = preSolution
		HideSolutionNode = FALSE
	EndGlobalSection
	GlobalSection(ExtensibilityGlobals) = postSolution
		SolutionGuid = {8C479178-5742-4917-9915-FFAB6E2C30AE}
	EndGlobalSection
EndGlobal
